// !$*UTF8*$!
{
	archiveVersion = 1;
	classes = {
	};
	objectVersion = 55;
	objects = {

/* Begin PBXBuildFile section */
		1B99678A3D23252449C979B5 /* Pods_Covid_Info_Covid_InfoUITests.framework in Frameworks */ = {isa = PBXBuildFile; fileRef = A5B5D69B9F6EB9FD3FEDB1D6 /* Pods_Covid_Info_Covid_InfoUITests.framework */; };
		8E5CF6C127E9F85E0027D28A /* ChartView.swift in Sources */ = {isa = PBXBuildFile; fileRef = 8E5CF6C027E9F85E0027D28A /* ChartView.swift */; };
		8E5CF6CD27E9FEB00027D28A /* SwiftUICharts in Frameworks */ = {isa = PBXBuildFile; productRef = 8E5CF6CC27E9FEB00027D28A /* SwiftUICharts */; };
		8E6564F727E8AC2800679DEA /* DataViewModel.swift in Sources */ = {isa = PBXBuildFile; fileRef = 8E6564F627E8AC2800679DEA /* DataViewModel.swift */; };
		8E65650127E8C54200679DEA /* Covid.swift in Sources */ = {isa = PBXBuildFile; fileRef = 8E65650027E8C54200679DEA /* Covid.swift */; };
		8E65650427E8C8BF00679DEA /* Colors.xcassets in Resources */ = {isa = PBXBuildFile; fileRef = 8E65650327E8C8BF00679DEA /* Colors.xcassets */; };
		8E65650627E8CAA600679DEA /* Requestable.swift in Sources */ = {isa = PBXBuildFile; fileRef = 8E65650527E8CAA600679DEA /* Requestable.swift */; };
		8E65650827E8CB1100679DEA /* DefaultRequestable.swift in Sources */ = {isa = PBXBuildFile; fileRef = 8E65650727E8CB1100679DEA /* DefaultRequestable.swift */; };
		8E65650A27E8CBCD00679DEA /* NetworkRequest.swift in Sources */ = {isa = PBXBuildFile; fileRef = 8E65650927E8CBCD00679DEA /* NetworkRequest.swift */; };
		8E65650D27E8CDB000679DEA /* CovidAPI.swift in Sources */ = {isa = PBXBuildFile; fileRef = 8E65650C27E8CDB000679DEA /* CovidAPI.swift */; };
		8E65651027E8CFC200679DEA /* Config.swift in Sources */ = {isa = PBXBuildFile; fileRef = 8E65650F27E8CFC200679DEA /* Config.swift */; };
		8E65651227E8D05400679DEA /* Encodable.swift in Sources */ = {isa = PBXBuildFile; fileRef = 8E65651127E8D05400679DEA /* Encodable.swift */; };
		8E66DEC327E9122F00F13BBD /* ParseXMLData.swift in Sources */ = {isa = PBXBuildFile; fileRef = 8E66DEC227E9122F00F13BBD /* ParseXMLData.swift */; };
		8E66DEC627E9A4A600F13BBD /* CovidUseCaseProtocol.swift in Sources */ = {isa = PBXBuildFile; fileRef = 8E66DEC527E9A4A600F13BBD /* CovidUseCaseProtocol.swift */; };
		8E7C33CC27E8E7A3003EDC65 /* CovidRepository.swift in Sources */ = {isa = PBXBuildFile; fileRef = 8E7C33CB27E8E7A3003EDC65 /* CovidRepository.swift */; };
		8E7C33CF27E8E7DE003EDC65 /* CovidRepositoryProtocol.swift in Sources */ = {isa = PBXBuildFile; fileRef = 8E7C33CE27E8E7DE003EDC65 /* CovidRepositoryProtocol.swift */; };
		8E7C33D127E8E911003EDC65 /* CovidUseCase.swift in Sources */ = {isa = PBXBuildFile; fileRef = 8E7C33D027E8E911003EDC65 /* CovidUseCase.swift */; };
		8EC5011227E893E600CC9F94 /* AppDelegate.swift in Sources */ = {isa = PBXBuildFile; fileRef = 8EC5011127E893E600CC9F94 /* AppDelegate.swift */; };
		8EC5011427E893E600CC9F94 /* SceneDelegate.swift in Sources */ = {isa = PBXBuildFile; fileRef = 8EC5011327E893E600CC9F94 /* SceneDelegate.swift */; };
		8EC5011627E893E600CC9F94 /* ViewController.swift in Sources */ = {isa = PBXBuildFile; fileRef = 8EC5011527E893E600CC9F94 /* ViewController.swift */; };
		8EC5011927E893E600CC9F94 /* Main.storyboard in Resources */ = {isa = PBXBuildFile; fileRef = 8EC5011727E893E600CC9F94 /* Main.storyboard */; };
		8EC5011C27E893E600CC9F94 /* Covid_Info.xcdatamodeld in Sources */ = {isa = PBXBuildFile; fileRef = 8EC5011A27E893E600CC9F94 /* Covid_Info.xcdatamodeld */; };
		8EC5011E27E893ED00CC9F94 /* Assets.xcassets in Resources */ = {isa = PBXBuildFile; fileRef = 8EC5011D27E893ED00CC9F94 /* Assets.xcassets */; };
		8EC5012127E893ED00CC9F94 /* LaunchScreen.storyboard in Resources */ = {isa = PBXBuildFile; fileRef = 8EC5011F27E893ED00CC9F94 /* LaunchScreen.storyboard */; };
		8EC5012C27E893EE00CC9F94 /* Covid_InfoTests.swift in Sources */ = {isa = PBXBuildFile; fileRef = 8EC5012B27E893EE00CC9F94 /* Covid_InfoTests.swift */; };
		8EC5013627E893EE00CC9F94 /* Covid_InfoUITests.swift in Sources */ = {isa = PBXBuildFile; fileRef = 8EC5013527E893EE00CC9F94 /* Covid_InfoUITests.swift */; };
		8EC5013827E893EE00CC9F94 /* Covid_InfoUITestsLaunchTests.swift in Sources */ = {isa = PBXBuildFile; fileRef = 8EC5013727E893EE00CC9F94 /* Covid_InfoUITestsLaunchTests.swift */; };
		8EC5014927E899E500CC9F94 /* Info.storyboard in Resources */ = {isa = PBXBuildFile; fileRef = 8EC5014827E899E500CC9F94 /* Info.storyboard */; };
		8EC5014E27E89A3900CC9F94 /* Data.storyboard in Resources */ = {isa = PBXBuildFile; fileRef = 8EC5014D27E89A3900CC9F94 /* Data.storyboard */; };
		8EC5015427E89A7300CC9F94 /* DataViewController.swift in Sources */ = {isa = PBXBuildFile; fileRef = 8EC5015327E89A7300CC9F94 /* DataViewController.swift */; };
		8EC5015627E89A8A00CC9F94 /* InfoViewController.swift in Sources */ = {isa = PBXBuildFile; fileRef = 8EC5015527E89A8A00CC9F94 /* InfoViewController.swift */; };
		8EC5015827E89A9E00CC9F94 /* Community.storyboard in Resources */ = {isa = PBXBuildFile; fileRef = 8EC5015727E89A9E00CC9F94 /* Community.storyboard */; };
		8EC5015A27E89AA800CC9F94 /* Setting.storyboard in Resources */ = {isa = PBXBuildFile; fileRef = 8EC5015927E89AA800CC9F94 /* Setting.storyboard */; };
		8EC5015F27E89C2300CC9F94 /* CommunityViewController.swift in Sources */ = {isa = PBXBuildFile; fileRef = 8EC5015E27E89C2300CC9F94 /* CommunityViewController.swift */; };
		8EC5016227E89C3E00CC9F94 /* SettingViewController.swift in Sources */ = {isa = PBXBuildFile; fileRef = 8EC5016127E89C3E00CC9F94 /* SettingViewController.swift */; };
		8EC5016727E89D6C00CC9F94 /* TabBarViewController.swift in Sources */ = {isa = PBXBuildFile; fileRef = 8EC5016627E89D6C00CC9F94 /* TabBarViewController.swift */; };
		9D0666B3CF63DC0E8B49C3F7 /* Pods_Covid_Info.framework in Frameworks */ = {isa = PBXBuildFile; fileRef = 3E2319B6ADBA8DD6D706EAD6 /* Pods_Covid_Info.framework */; };
		C5E0E77212E80F208C964482 /* Pods_Covid_InfoTests.framework in Frameworks */ = {isa = PBXBuildFile; fileRef = C61F76F7ECD53881045C254B /* Pods_Covid_InfoTests.framework */; };
/* End PBXBuildFile section */

/* Begin PBXContainerItemProxy section */
		8EC5012827E893EE00CC9F94 /* PBXContainerItemProxy */ = {
			isa = PBXContainerItemProxy;
			containerPortal = 8EC5010627E893E600CC9F94 /* Project object */;
			proxyType = 1;
			remoteGlobalIDString = 8EC5010D27E893E600CC9F94;
			remoteInfo = "Covid-Info";
		};
		8EC5013227E893EE00CC9F94 /* PBXContainerItemProxy */ = {
			isa = PBXContainerItemProxy;
			containerPortal = 8EC5010627E893E600CC9F94 /* Project object */;
			proxyType = 1;
			remoteGlobalIDString = 8EC5010D27E893E600CC9F94;
			remoteInfo = "Covid-Info";
		};
/* End PBXContainerItemProxy section */

/* Begin PBXFileReference section */
		0DDB496737353E2323313DD0 /* Pods-Covid-Info-Covid-InfoUITests.release.xcconfig */ = {isa = PBXFileReference; includeInIndex = 1; lastKnownFileType = text.xcconfig; name = "Pods-Covid-Info-Covid-InfoUITests.release.xcconfig"; path = "Target Support Files/Pods-Covid-Info-Covid-InfoUITests/Pods-Covid-Info-Covid-InfoUITests.release.xcconfig"; sourceTree = "<group>"; };
		1BFC7F82DF02B94117064D42 /* Pods-Covid-Info.release.xcconfig */ = {isa = PBXFileReference; includeInIndex = 1; lastKnownFileType = text.xcconfig; name = "Pods-Covid-Info.release.xcconfig"; path = "Target Support Files/Pods-Covid-Info/Pods-Covid-Info.release.xcconfig"; sourceTree = "<group>"; };
		3E2319B6ADBA8DD6D706EAD6 /* Pods_Covid_Info.framework */ = {isa = PBXFileReference; explicitFileType = wrapper.framework; includeInIndex = 0; path = Pods_Covid_Info.framework; sourceTree = BUILT_PRODUCTS_DIR; };
		8E5CF6C027E9F85E0027D28A /* ChartView.swift */ = {isa = PBXFileReference; lastKnownFileType = sourcecode.swift; path = ChartView.swift; sourceTree = "<group>"; };
		8E6564F627E8AC2800679DEA /* DataViewModel.swift */ = {isa = PBXFileReference; lastKnownFileType = sourcecode.swift; path = DataViewModel.swift; sourceTree = "<group>"; };
		8E65650027E8C54200679DEA /* Covid.swift */ = {isa = PBXFileReference; lastKnownFileType = sourcecode.swift; path = Covid.swift; sourceTree = "<group>"; };
		8E65650327E8C8BF00679DEA /* Colors.xcassets */ = {isa = PBXFileReference; lastKnownFileType = folder.assetcatalog; path = Colors.xcassets; sourceTree = "<group>"; };
		8E65650527E8CAA600679DEA /* Requestable.swift */ = {isa = PBXFileReference; lastKnownFileType = sourcecode.swift; path = Requestable.swift; sourceTree = "<group>"; };
		8E65650727E8CB1100679DEA /* DefaultRequestable.swift */ = {isa = PBXFileReference; lastKnownFileType = sourcecode.swift; path = DefaultRequestable.swift; sourceTree = "<group>"; };
		8E65650927E8CBCD00679DEA /* NetworkRequest.swift */ = {isa = PBXFileReference; lastKnownFileType = sourcecode.swift; path = NetworkRequest.swift; sourceTree = "<group>"; };
		8E65650C27E8CDB000679DEA /* CovidAPI.swift */ = {isa = PBXFileReference; lastKnownFileType = sourcecode.swift; path = CovidAPI.swift; sourceTree = "<group>"; };
		8E65650F27E8CFC200679DEA /* Config.swift */ = {isa = PBXFileReference; lastKnownFileType = sourcecode.swift; path = Config.swift; sourceTree = "<group>"; };
		8E65651127E8D05400679DEA /* Encodable.swift */ = {isa = PBXFileReference; lastKnownFileType = sourcecode.swift; path = Encodable.swift; sourceTree = "<group>"; };
		8E66DEC227E9122F00F13BBD /* ParseXMLData.swift */ = {isa = PBXFileReference; lastKnownFileType = sourcecode.swift; path = ParseXMLData.swift; sourceTree = "<group>"; };
		8E66DEC527E9A4A600F13BBD /* CovidUseCaseProtocol.swift */ = {isa = PBXFileReference; lastKnownFileType = sourcecode.swift; path = CovidUseCaseProtocol.swift; sourceTree = "<group>"; };
		8E7C33CB27E8E7A3003EDC65 /* CovidRepository.swift */ = {isa = PBXFileReference; lastKnownFileType = sourcecode.swift; path = CovidRepository.swift; sourceTree = "<group>"; };
		8E7C33CE27E8E7DE003EDC65 /* CovidRepositoryProtocol.swift */ = {isa = PBXFileReference; lastKnownFileType = sourcecode.swift; path = CovidRepositoryProtocol.swift; sourceTree = "<group>"; };
		8E7C33D027E8E911003EDC65 /* CovidUseCase.swift */ = {isa = PBXFileReference; lastKnownFileType = sourcecode.swift; path = CovidUseCase.swift; sourceTree = "<group>"; };
		8EC5010E27E893E600CC9F94 /* Covid-Info.app */ = {isa = PBXFileReference; explicitFileType = wrapper.application; includeInIndex = 0; path = "Covid-Info.app"; sourceTree = BUILT_PRODUCTS_DIR; };
		8EC5011127E893E600CC9F94 /* AppDelegate.swift */ = {isa = PBXFileReference; lastKnownFileType = sourcecode.swift; path = AppDelegate.swift; sourceTree = "<group>"; };
		8EC5011327E893E600CC9F94 /* SceneDelegate.swift */ = {isa = PBXFileReference; lastKnownFileType = sourcecode.swift; path = SceneDelegate.swift; sourceTree = "<group>"; };
		8EC5011527E893E600CC9F94 /* ViewController.swift */ = {isa = PBXFileReference; lastKnownFileType = sourcecode.swift; path = ViewController.swift; sourceTree = "<group>"; };
		8EC5011827E893E600CC9F94 /* Base */ = {isa = PBXFileReference; lastKnownFileType = file.storyboard; name = Base; path = Base.lproj/Main.storyboard; sourceTree = "<group>"; };
		8EC5011B27E893E600CC9F94 /* Covid_Info.xcdatamodel */ = {isa = PBXFileReference; lastKnownFileType = wrapper.xcdatamodel; path = Covid_Info.xcdatamodel; sourceTree = "<group>"; };
		8EC5011D27E893ED00CC9F94 /* Assets.xcassets */ = {isa = PBXFileReference; lastKnownFileType = folder.assetcatalog; path = Assets.xcassets; sourceTree = "<group>"; };
		8EC5012027E893ED00CC9F94 /* Base */ = {isa = PBXFileReference; lastKnownFileType = file.storyboard; name = Base; path = Base.lproj/LaunchScreen.storyboard; sourceTree = "<group>"; };
		8EC5012227E893ED00CC9F94 /* Info.plist */ = {isa = PBXFileReference; lastKnownFileType = text.plist.xml; path = Info.plist; sourceTree = "<group>"; };
		8EC5012727E893EE00CC9F94 /* Covid-InfoTests.xctest */ = {isa = PBXFileReference; explicitFileType = wrapper.cfbundle; includeInIndex = 0; path = "Covid-InfoTests.xctest"; sourceTree = BUILT_PRODUCTS_DIR; };
		8EC5012B27E893EE00CC9F94 /* Covid_InfoTests.swift */ = {isa = PBXFileReference; lastKnownFileType = sourcecode.swift; path = Covid_InfoTests.swift; sourceTree = "<group>"; };
		8EC5013127E893EE00CC9F94 /* Covid-InfoUITests.xctest */ = {isa = PBXFileReference; explicitFileType = wrapper.cfbundle; includeInIndex = 0; path = "Covid-InfoUITests.xctest"; sourceTree = BUILT_PRODUCTS_DIR; };
		8EC5013527E893EE00CC9F94 /* Covid_InfoUITests.swift */ = {isa = PBXFileReference; lastKnownFileType = sourcecode.swift; path = Covid_InfoUITests.swift; sourceTree = "<group>"; };
		8EC5013727E893EE00CC9F94 /* Covid_InfoUITestsLaunchTests.swift */ = {isa = PBXFileReference; lastKnownFileType = sourcecode.swift; path = Covid_InfoUITestsLaunchTests.swift; sourceTree = "<group>"; };
		8EC5014827E899E500CC9F94 /* Info.storyboard */ = {isa = PBXFileReference; lastKnownFileType = file.storyboard; path = Info.storyboard; sourceTree = "<group>"; };
		8EC5014D27E89A3900CC9F94 /* Data.storyboard */ = {isa = PBXFileReference; lastKnownFileType = file.storyboard; path = Data.storyboard; sourceTree = "<group>"; };
		8EC5015327E89A7300CC9F94 /* DataViewController.swift */ = {isa = PBXFileReference; lastKnownFileType = sourcecode.swift; path = DataViewController.swift; sourceTree = "<group>"; };
		8EC5015527E89A8A00CC9F94 /* InfoViewController.swift */ = {isa = PBXFileReference; lastKnownFileType = sourcecode.swift; path = InfoViewController.swift; sourceTree = "<group>"; };
		8EC5015727E89A9E00CC9F94 /* Community.storyboard */ = {isa = PBXFileReference; lastKnownFileType = file.storyboard; path = Community.storyboard; sourceTree = "<group>"; };
		8EC5015927E89AA800CC9F94 /* Setting.storyboard */ = {isa = PBXFileReference; lastKnownFileType = file.storyboard; path = Setting.storyboard; sourceTree = "<group>"; };
		8EC5015E27E89C2300CC9F94 /* CommunityViewController.swift */ = {isa = PBXFileReference; lastKnownFileType = sourcecode.swift; path = CommunityViewController.swift; sourceTree = "<group>"; };
		8EC5016127E89C3E00CC9F94 /* SettingViewController.swift */ = {isa = PBXFileReference; lastKnownFileType = sourcecode.swift; path = SettingViewController.swift; sourceTree = "<group>"; };
		8EC5016627E89D6C00CC9F94 /* TabBarViewController.swift */ = {isa = PBXFileReference; lastKnownFileType = sourcecode.swift; path = TabBarViewController.swift; sourceTree = "<group>"; };
		9DD3EA898A4F57C9572EBD5D /* Pods-Covid-InfoTests.release.xcconfig */ = {isa = PBXFileReference; includeInIndex = 1; lastKnownFileType = text.xcconfig; name = "Pods-Covid-InfoTests.release.xcconfig"; path = "Target Support Files/Pods-Covid-InfoTests/Pods-Covid-InfoTests.release.xcconfig"; sourceTree = "<group>"; };
		A5B5D69B9F6EB9FD3FEDB1D6 /* Pods_Covid_Info_Covid_InfoUITests.framework */ = {isa = PBXFileReference; explicitFileType = wrapper.framework; includeInIndex = 0; path = Pods_Covid_Info_Covid_InfoUITests.framework; sourceTree = BUILT_PRODUCTS_DIR; };
		B16C4E23E2270511EFC9CC2B /* Pods-Covid-Info-Covid-InfoUITests.debug.xcconfig */ = {isa = PBXFileReference; includeInIndex = 1; lastKnownFileType = text.xcconfig; name = "Pods-Covid-Info-Covid-InfoUITests.debug.xcconfig"; path = "Target Support Files/Pods-Covid-Info-Covid-InfoUITests/Pods-Covid-Info-Covid-InfoUITests.debug.xcconfig"; sourceTree = "<group>"; };
		B675353B1E049A83AE28A11D /* Pods-Covid-InfoTests.debug.xcconfig */ = {isa = PBXFileReference; includeInIndex = 1; lastKnownFileType = text.xcconfig; name = "Pods-Covid-InfoTests.debug.xcconfig"; path = "Target Support Files/Pods-Covid-InfoTests/Pods-Covid-InfoTests.debug.xcconfig"; sourceTree = "<group>"; };
		C61F76F7ECD53881045C254B /* Pods_Covid_InfoTests.framework */ = {isa = PBXFileReference; explicitFileType = wrapper.framework; includeInIndex = 0; path = Pods_Covid_InfoTests.framework; sourceTree = BUILT_PRODUCTS_DIR; };
		CE4904EAA671470A86B92596 /* Pods-Covid-Info.debug.xcconfig */ = {isa = PBXFileReference; includeInIndex = 1; lastKnownFileType = text.xcconfig; name = "Pods-Covid-Info.debug.xcconfig"; path = "Target Support Files/Pods-Covid-Info/Pods-Covid-Info.debug.xcconfig"; sourceTree = "<group>"; };
/* End PBXFileReference section */

/* Begin PBXFrameworksBuildPhase section */
		8EC5010B27E893E600CC9F94 /* Frameworks */ = {
			isa = PBXFrameworksBuildPhase;
			buildActionMask = 2147483647;
			files = (
				9D0666B3CF63DC0E8B49C3F7 /* Pods_Covid_Info.framework in Frameworks */,
				8E5CF6CD27E9FEB00027D28A /* SwiftUICharts in Frameworks */,
			);
			runOnlyForDeploymentPostprocessing = 0;
		};
		8EC5012427E893EE00CC9F94 /* Frameworks */ = {
			isa = PBXFrameworksBuildPhase;
			buildActionMask = 2147483647;
			files = (
				C5E0E77212E80F208C964482 /* Pods_Covid_InfoTests.framework in Frameworks */,
			);
			runOnlyForDeploymentPostprocessing = 0;
		};
		8EC5012E27E893EE00CC9F94 /* Frameworks */ = {
			isa = PBXFrameworksBuildPhase;
			buildActionMask = 2147483647;
			files = (
				1B99678A3D23252449C979B5 /* Pods_Covid_Info_Covid_InfoUITests.framework in Frameworks */,
			);
			runOnlyForDeploymentPostprocessing = 0;
		};
/* End PBXFrameworksBuildPhase section */

/* Begin PBXGroup section */
		1F24C1A9CB0A7E6CA8B8D53F /* Pods */ = {
			isa = PBXGroup;
			children = (
				CE4904EAA671470A86B92596 /* Pods-Covid-Info.debug.xcconfig */,
				1BFC7F82DF02B94117064D42 /* Pods-Covid-Info.release.xcconfig */,
				B16C4E23E2270511EFC9CC2B /* Pods-Covid-Info-Covid-InfoUITests.debug.xcconfig */,
				0DDB496737353E2323313DD0 /* Pods-Covid-Info-Covid-InfoUITests.release.xcconfig */,
				B675353B1E049A83AE28A11D /* Pods-Covid-InfoTests.debug.xcconfig */,
				9DD3EA898A4F57C9572EBD5D /* Pods-Covid-InfoTests.release.xcconfig */,
			);
			path = Pods;
			sourceTree = "<group>";
		};
		665F215C55B91BBF17B89283 /* Frameworks */ = {
			isa = PBXGroup;
			children = (
				3E2319B6ADBA8DD6D706EAD6 /* Pods_Covid_Info.framework */,
				A5B5D69B9F6EB9FD3FEDB1D6 /* Pods_Covid_Info_Covid_InfoUITests.framework */,
				C61F76F7ECD53881045C254B /* Pods_Covid_InfoTests.framework */,
			);
			name = Frameworks;
			sourceTree = "<group>";
		};
		8E6564F927E8C46200679DEA /* Domain */ = {
			isa = PBXGroup;
			children = (
				8E6564FC27E8C48C00679DEA /* Inferface */,
				8E6564FB27E8C47900679DEA /* UseCase */,
				8E6564FA27E8C46B00679DEA /* Entity */,
			);
			path = Domain;
			sourceTree = "<group>";
		};
		8E6564FA27E8C46B00679DEA /* Entity */ = {
			isa = PBXGroup;
			children = (
				8E65650027E8C54200679DEA /* Covid.swift */,
			);
			path = Entity;
			sourceTree = "<group>";
		};
		8E6564FB27E8C47900679DEA /* UseCase */ = {
			isa = PBXGroup;
			children = (
				8E7C33D027E8E911003EDC65 /* CovidUseCase.swift */,
			);
			path = UseCase;
			sourceTree = "<group>";
		};
		8E6564FC27E8C48C00679DEA /* Inferface */ = {
			isa = PBXGroup;
			children = (
				8E66DEC427E9A49300F13BBD /* UseCaseProtocol */,
				8E7C33CD27E8E7C9003EDC65 /* RepositoryProtocol */,
				8E65650527E8CAA600679DEA /* Requestable.swift */,
			);
			path = Inferface;
			sourceTree = "<group>";
		};
		8E6564FD27E8C49C00679DEA /* Data */ = {
			isa = PBXGroup;
			children = (
				8E6564FF27E8C51000679DEA /* Repository */,
				8E6564FE27E8C4C900679DEA /* Network */,
			);
			path = Data;
			sourceTree = "<group>";
		};
		8E6564FE27E8C4C900679DEA /* Network */ = {
			isa = PBXGroup;
			children = (
				8E65650B27E8CD6000679DEA /* API */,
				8E65650727E8CB1100679DEA /* DefaultRequestable.swift */,
				8E65650927E8CBCD00679DEA /* NetworkRequest.swift */,
			);
			path = Network;
			sourceTree = "<group>";
		};
		8E6564FF27E8C51000679DEA /* Repository */ = {
			isa = PBXGroup;
			children = (
				8E7C33CB27E8E7A3003EDC65 /* CovidRepository.swift */,
			);
			path = Repository;
			sourceTree = "<group>";
		};
		8E65650227E8C89500679DEA /* Resources */ = {
			isa = PBXGroup;
			children = (
				8EC5011F27E893ED00CC9F94 /* LaunchScreen.storyboard */,
				8EC5011D27E893ED00CC9F94 /* Assets.xcassets */,
				8E65650327E8C8BF00679DEA /* Colors.xcassets */,
			);
			path = Resources;
			sourceTree = "<group>";
		};
		8E65650B27E8CD6000679DEA /* API */ = {
			isa = PBXGroup;
			children = (
				8E65650C27E8CDB000679DEA /* CovidAPI.swift */,
			);
			path = API;
			sourceTree = "<group>";
		};
		8E65650E27E8CFB300679DEA /* Utils */ = {
			isa = PBXGroup;
			children = (
				8E65650F27E8CFC200679DEA /* Config.swift */,
				8E65651127E8D05400679DEA /* Encodable.swift */,
				8E66DEC227E9122F00F13BBD /* ParseXMLData.swift */,
			);
			path = Utils;
			sourceTree = "<group>";
		};
		8E66DEC427E9A49300F13BBD /* UseCaseProtocol */ = {
			isa = PBXGroup;
			children = (
				8E66DEC527E9A4A600F13BBD /* CovidUseCaseProtocol.swift */,
			);
			path = UseCaseProtocol;
			sourceTree = "<group>";
		};
		8E7C33CD27E8E7C9003EDC65 /* RepositoryProtocol */ = {
			isa = PBXGroup;
			children = (
				8E7C33CE27E8E7DE003EDC65 /* CovidRepositoryProtocol.swift */,
			);
			path = RepositoryProtocol;
			sourceTree = "<group>";
		};
		8EC5010527E893E600CC9F94 = {
			isa = PBXGroup;
			children = (
				8EC5011027E893E600CC9F94 /* Covid-Info */,
				8EC5012A27E893EE00CC9F94 /* Covid-InfoTests */,
				8EC5013427E893EE00CC9F94 /* Covid-InfoUITests */,
				8EC5010F27E893E600CC9F94 /* Products */,
				1F24C1A9CB0A7E6CA8B8D53F /* Pods */,
				665F215C55B91BBF17B89283 /* Frameworks */,
			);
			sourceTree = "<group>";
		};
		8EC5010F27E893E600CC9F94 /* Products */ = {
			isa = PBXGroup;
			children = (
				8EC5010E27E893E600CC9F94 /* Covid-Info.app */,
				8EC5012727E893EE00CC9F94 /* Covid-InfoTests.xctest */,
				8EC5013127E893EE00CC9F94 /* Covid-InfoUITests.xctest */,
			);
			name = Products;
			sourceTree = "<group>";
		};
		8EC5011027E893E600CC9F94 /* Covid-Info */ = {
			isa = PBXGroup;
			children = (
				8E65650E27E8CFB300679DEA /* Utils */,
				8E65650227E8C89500679DEA /* Resources */,
				8E6564FD27E8C49C00679DEA /* Data */,
				8E6564F927E8C46200679DEA /* Domain */,
				8EC5016527E89CD300CC9F94 /* View */,
				8EC5011127E893E600CC9F94 /* AppDelegate.swift */,
				8EC5011327E893E600CC9F94 /* SceneDelegate.swift */,
				8EC5011527E893E600CC9F94 /* ViewController.swift */,
				8EC5011727E893E600CC9F94 /* Main.storyboard */,
				8EC5012227E893ED00CC9F94 /* Info.plist */,
				8EC5011A27E893E600CC9F94 /* Covid_Info.xcdatamodeld */,
			);
			path = "Covid-Info";
			sourceTree = "<group>";
		};
		8EC5012A27E893EE00CC9F94 /* Covid-InfoTests */ = {
			isa = PBXGroup;
			children = (
				8EC5012B27E893EE00CC9F94 /* Covid_InfoTests.swift */,
			);
			path = "Covid-InfoTests";
			sourceTree = "<group>";
		};
		8EC5013427E893EE00CC9F94 /* Covid-InfoUITests */ = {
			isa = PBXGroup;
			children = (
				8EC5013527E893EE00CC9F94 /* Covid_InfoUITests.swift */,
				8EC5013727E893EE00CC9F94 /* Covid_InfoUITestsLaunchTests.swift */,
			);
			path = "Covid-InfoUITests";
			sourceTree = "<group>";
		};
		8EC5014427E8998900CC9F94 /* InfoScene */ = {
			isa = PBXGroup;
			children = (
				8EC5015227E89A5900CC9F94 /* ViewModel */,
				8EC5015127E89A5100CC9F94 /* Controller */,
				8EC5014A27E899ED00CC9F94 /* View */,
			);
			path = InfoScene;
			sourceTree = "<group>";
		};
		8EC5014527E8999100CC9F94 /* DataScene */ = {
			isa = PBXGroup;
			children = (
				8EC5015027E89A4900CC9F94 /* ViewModel */,
				8EC5014F27E89A4100CC9F94 /* Controller */,
				8EC5014C27E89A2900CC9F94 /* View */,
			);
			path = DataScene;
			sourceTree = "<group>";
		};
		8EC5014627E899C000CC9F94 /* CommunityScene */ = {
			isa = PBXGroup;
			children = (
				8EC5015D27E89C1000CC9F94 /* View */,
				8EC5015C27E89C0A00CC9F94 /* Controller */,
				8EC5015B27E89C0100CC9F94 /* ViewModel */,
			);
			path = CommunityScene;
			sourceTree = "<group>";
		};
		8EC5014727E899CE00CC9F94 /* SettingScene */ = {
			isa = PBXGroup;
			children = (
				8EC5016427E89C4700CC9F94 /* ViewModel */,
				8EC5016327E89C4100CC9F94 /* View */,
				8EC5016027E89C3300CC9F94 /* Controller */,
			);
			path = SettingScene;
			sourceTree = "<group>";
		};
		8EC5014A27E899ED00CC9F94 /* View */ = {
			isa = PBXGroup;
			children = (
				8EC5014827E899E500CC9F94 /* Info.storyboard */,
			);
			path = View;
			sourceTree = "<group>";
		};
		8EC5014C27E89A2900CC9F94 /* View */ = {
			isa = PBXGroup;
			children = (
				8EC5014D27E89A3900CC9F94 /* Data.storyboard */,
				8E5CF6C027E9F85E0027D28A /* ChartView.swift */,
			);
			path = View;
			sourceTree = "<group>";
		};
		8EC5014F27E89A4100CC9F94 /* Controller */ = {
			isa = PBXGroup;
			children = (
				8EC5015327E89A7300CC9F94 /* DataViewController.swift */,
			);
			path = Controller;
			sourceTree = "<group>";
		};
		8EC5015027E89A4900CC9F94 /* ViewModel */ = {
			isa = PBXGroup;
			children = (
				8E6564F627E8AC2800679DEA /* DataViewModel.swift */,
			);
			path = ViewModel;
			sourceTree = "<group>";
		};
		8EC5015127E89A5100CC9F94 /* Controller */ = {
			isa = PBXGroup;
			children = (
				8EC5015527E89A8A00CC9F94 /* InfoViewController.swift */,
			);
			path = Controller;
			sourceTree = "<group>";
		};
		8EC5015227E89A5900CC9F94 /* ViewModel */ = {
			isa = PBXGroup;
			children = (
			);
			path = ViewModel;
			sourceTree = "<group>";
		};
		8EC5015B27E89C0100CC9F94 /* ViewModel */ = {
			isa = PBXGroup;
			children = (
			);
			path = ViewModel;
			sourceTree = "<group>";
		};
		8EC5015C27E89C0A00CC9F94 /* Controller */ = {
			isa = PBXGroup;
			children = (
				8EC5015E27E89C2300CC9F94 /* CommunityViewController.swift */,
			);
			path = Controller;
			sourceTree = "<group>";
		};
		8EC5015D27E89C1000CC9F94 /* View */ = {
			isa = PBXGroup;
			children = (
				8EC5015727E89A9E00CC9F94 /* Community.storyboard */,
			);
			path = View;
			sourceTree = "<group>";
		};
		8EC5016027E89C3300CC9F94 /* Controller */ = {
			isa = PBXGroup;
			children = (
				8EC5016127E89C3E00CC9F94 /* SettingViewController.swift */,
			);
			path = Controller;
			sourceTree = "<group>";
		};
		8EC5016327E89C4100CC9F94 /* View */ = {
			isa = PBXGroup;
			children = (
				8EC5015927E89AA800CC9F94 /* Setting.storyboard */,
			);
			path = View;
			sourceTree = "<group>";
		};
		8EC5016427E89C4700CC9F94 /* ViewModel */ = {
			isa = PBXGroup;
			children = (
			);
			path = ViewModel;
			sourceTree = "<group>";
		};
		8EC5016527E89CD300CC9F94 /* View */ = {
			isa = PBXGroup;
			children = (
				8EC5014527E8999100CC9F94 /* DataScene */,
				8EC5014427E8998900CC9F94 /* InfoScene */,
				8EC5014627E899C000CC9F94 /* CommunityScene */,
				8EC5014727E899CE00CC9F94 /* SettingScene */,
				8EC5016627E89D6C00CC9F94 /* TabBarViewController.swift */,
			);
			path = View;
			sourceTree = "<group>";
		};
/* End PBXGroup section */

/* Begin PBXNativeTarget section */
		8EC5010D27E893E600CC9F94 /* Covid-Info */ = {
			isa = PBXNativeTarget;
			buildConfigurationList = 8EC5013B27E893EE00CC9F94 /* Build configuration list for PBXNativeTarget "Covid-Info" */;
			buildPhases = (
				0B98B2875936B46FE56F3027 /* [CP] Check Pods Manifest.lock */,
				8EC5010A27E893E600CC9F94 /* Sources */,
				8EC5010B27E893E600CC9F94 /* Frameworks */,
				8EC5010C27E893E600CC9F94 /* Resources */,
				A168CEC256B34123E6832AD6 /* [CP] Embed Pods Frameworks */,
			);
			buildRules = (
			);
			dependencies = (
			);
			name = "Covid-Info";
			packageProductDependencies = (
				8E5CF6CC27E9FEB00027D28A /* SwiftUICharts */,
			);
			productName = "Covid-Info";
			productReference = 8EC5010E27E893E600CC9F94 /* Covid-Info.app */;
			productType = "com.apple.product-type.application";
		};
		8EC5012627E893EE00CC9F94 /* Covid-InfoTests */ = {
			isa = PBXNativeTarget;
			buildConfigurationList = 8EC5013E27E893EE00CC9F94 /* Build configuration list for PBXNativeTarget "Covid-InfoTests" */;
			buildPhases = (
				F4776AC02956F3B9B921F493 /* [CP] Check Pods Manifest.lock */,
				8EC5012327E893EE00CC9F94 /* Sources */,
				8EC5012427E893EE00CC9F94 /* Frameworks */,
				8EC5012527E893EE00CC9F94 /* Resources */,
			);
			buildRules = (
			);
			dependencies = (
				8EC5012927E893EE00CC9F94 /* PBXTargetDependency */,
			);
			name = "Covid-InfoTests";
			productName = "Covid-InfoTests";
			productReference = 8EC5012727E893EE00CC9F94 /* Covid-InfoTests.xctest */;
			productType = "com.apple.product-type.bundle.unit-test";
		};
		8EC5013027E893EE00CC9F94 /* Covid-InfoUITests */ = {
			isa = PBXNativeTarget;
			buildConfigurationList = 8EC5014127E893EE00CC9F94 /* Build configuration list for PBXNativeTarget "Covid-InfoUITests" */;
			buildPhases = (
				03FDCFA93A6D53095C70C685 /* [CP] Check Pods Manifest.lock */,
				8EC5012D27E893EE00CC9F94 /* Sources */,
				8EC5012E27E893EE00CC9F94 /* Frameworks */,
				8EC5012F27E893EE00CC9F94 /* Resources */,
				65C4E0AC95B09B475F96F7D4 /* [CP] Embed Pods Frameworks */,
			);
			buildRules = (
			);
			dependencies = (
				8EC5013327E893EE00CC9F94 /* PBXTargetDependency */,
			);
			name = "Covid-InfoUITests";
			productName = "Covid-InfoUITests";
			productReference = 8EC5013127E893EE00CC9F94 /* Covid-InfoUITests.xctest */;
			productType = "com.apple.product-type.bundle.ui-testing";
		};
/* End PBXNativeTarget section */

/* Begin PBXProject section */
		8EC5010627E893E600CC9F94 /* Project object */ = {
			isa = PBXProject;
			attributes = {
				BuildIndependentTargetsInParallel = 1;
				LastSwiftUpdateCheck = 1300;
				LastUpgradeCheck = 1300;
				TargetAttributes = {
					8EC5010D27E893E600CC9F94 = {
						CreatedOnToolsVersion = 13.0;
					};
					8EC5012627E893EE00CC9F94 = {
						CreatedOnToolsVersion = 13.0;
						TestTargetID = 8EC5010D27E893E600CC9F94;
					};
					8EC5013027E893EE00CC9F94 = {
						CreatedOnToolsVersion = 13.0;
						TestTargetID = 8EC5010D27E893E600CC9F94;
					};
				};
			};
			buildConfigurationList = 8EC5010927E893E600CC9F94 /* Build configuration list for PBXProject "Covid-Info" */;
			compatibilityVersion = "Xcode 13.0";
			developmentRegion = en;
			hasScannedForEncodings = 0;
			knownRegions = (
				en,
				Base,
			);
			mainGroup = 8EC5010527E893E600CC9F94;
			packageReferences = (
				8E5CF6CB27E9FEB00027D28A /* XCRemoteSwiftPackageReference "ChartView" */,
			);
			productRefGroup = 8EC5010F27E893E600CC9F94 /* Products */;
			projectDirPath = "";
			projectRoot = "";
			targets = (
				8EC5010D27E893E600CC9F94 /* Covid-Info */,
				8EC5012627E893EE00CC9F94 /* Covid-InfoTests */,
				8EC5013027E893EE00CC9F94 /* Covid-InfoUITests */,
			);
		};
/* End PBXProject section */

/* Begin PBXResourcesBuildPhase section */
		8EC5010C27E893E600CC9F94 /* Resources */ = {
			isa = PBXResourcesBuildPhase;
			buildActionMask = 2147483647;
			files = (
				8EC5015827E89A9E00CC9F94 /* Community.storyboard in Resources */,
				8EC5012127E893ED00CC9F94 /* LaunchScreen.storyboard in Resources */,
				8EC5015A27E89AA800CC9F94 /* Setting.storyboard in Resources */,
				8EC5011E27E893ED00CC9F94 /* Assets.xcassets in Resources */,
				8EC5014927E899E500CC9F94 /* Info.storyboard in Resources */,
				8E65650427E8C8BF00679DEA /* Colors.xcassets in Resources */,
				8EC5014E27E89A3900CC9F94 /* Data.storyboard in Resources */,
				8EC5011927E893E600CC9F94 /* Main.storyboard in Resources */,
			);
			runOnlyForDeploymentPostprocessing = 0;
		};
		8EC5012527E893EE00CC9F94 /* Resources */ = {
			isa = PBXResourcesBuildPhase;
			buildActionMask = 2147483647;
			files = (
			);
			runOnlyForDeploymentPostprocessing = 0;
		};
		8EC5012F27E893EE00CC9F94 /* Resources */ = {
			isa = PBXResourcesBuildPhase;
			buildActionMask = 2147483647;
			files = (
			);
			runOnlyForDeploymentPostprocessing = 0;
		};
/* End PBXResourcesBuildPhase section */

/* Begin PBXShellScriptBuildPhase section */
		03FDCFA93A6D53095C70C685 /* [CP] Check Pods Manifest.lock */ = {
			isa = PBXShellScriptBuildPhase;
			buildActionMask = 2147483647;
			files = (
			);
			inputFileListPaths = (
			);
			inputPaths = (
				"${PODS_PODFILE_DIR_PATH}/Podfile.lock",
				"${PODS_ROOT}/Manifest.lock",
			);
			name = "[CP] Check Pods Manifest.lock";
			outputFileListPaths = (
			);
			outputPaths = (
				"$(DERIVED_FILE_DIR)/Pods-Covid-Info-Covid-InfoUITests-checkManifestLockResult.txt",
			);
			runOnlyForDeploymentPostprocessing = 0;
			shellPath = /bin/sh;
			shellScript = "diff \"${PODS_PODFILE_DIR_PATH}/Podfile.lock\" \"${PODS_ROOT}/Manifest.lock\" > /dev/null\nif [ $? != 0 ] ; then\n    # print error to STDERR\n    echo \"error: The sandbox is not in sync with the Podfile.lock. Run 'pod install' or update your CocoaPods installation.\" >&2\n    exit 1\nfi\n# This output is used by Xcode 'outputs' to avoid re-running this script phase.\necho \"SUCCESS\" > \"${SCRIPT_OUTPUT_FILE_0}\"\n";
			showEnvVarsInLog = 0;
		};
		0B98B2875936B46FE56F3027 /* [CP] Check Pods Manifest.lock */ = {
			isa = PBXShellScriptBuildPhase;
			buildActionMask = 2147483647;
			files = (
			);
			inputFileListPaths = (
			);
			inputPaths = (
				"${PODS_PODFILE_DIR_PATH}/Podfile.lock",
				"${PODS_ROOT}/Manifest.lock",
			);
			name = "[CP] Check Pods Manifest.lock";
			outputFileListPaths = (
			);
			outputPaths = (
				"$(DERIVED_FILE_DIR)/Pods-Covid-Info-checkManifestLockResult.txt",
			);
			runOnlyForDeploymentPostprocessing = 0;
			shellPath = /bin/sh;
			shellScript = "diff \"${PODS_PODFILE_DIR_PATH}/Podfile.lock\" \"${PODS_ROOT}/Manifest.lock\" > /dev/null\nif [ $? != 0 ] ; then\n    # print error to STDERR\n    echo \"error: The sandbox is not in sync with the Podfile.lock. Run 'pod install' or update your CocoaPods installation.\" >&2\n    exit 1\nfi\n# This output is used by Xcode 'outputs' to avoid re-running this script phase.\necho \"SUCCESS\" > \"${SCRIPT_OUTPUT_FILE_0}\"\n";
			showEnvVarsInLog = 0;
		};
		65C4E0AC95B09B475F96F7D4 /* [CP] Embed Pods Frameworks */ = {
			isa = PBXShellScriptBuildPhase;
			buildActionMask = 2147483647;
			files = (
			);
			inputFileListPaths = (
				"${PODS_ROOT}/Target Support Files/Pods-Covid-Info-Covid-InfoUITests/Pods-Covid-Info-Covid-InfoUITests-frameworks-${CONFIGURATION}-input-files.xcfilelist",
			);
			name = "[CP] Embed Pods Frameworks";
			outputFileListPaths = (
				"${PODS_ROOT}/Target Support Files/Pods-Covid-Info-Covid-InfoUITests/Pods-Covid-Info-Covid-InfoUITests-frameworks-${CONFIGURATION}-output-files.xcfilelist",
			);
			runOnlyForDeploymentPostprocessing = 0;
			shellPath = /bin/sh;
			shellScript = "\"${PODS_ROOT}/Target Support Files/Pods-Covid-Info-Covid-InfoUITests/Pods-Covid-Info-Covid-InfoUITests-frameworks.sh\"\n";
			showEnvVarsInLog = 0;
		};
		A168CEC256B34123E6832AD6 /* [CP] Embed Pods Frameworks */ = {
			isa = PBXShellScriptBuildPhase;
			buildActionMask = 2147483647;
			files = (
			);
			inputFileListPaths = (
				"${PODS_ROOT}/Target Support Files/Pods-Covid-Info/Pods-Covid-Info-frameworks-${CONFIGURATION}-input-files.xcfilelist",
			);
			name = "[CP] Embed Pods Frameworks";
			outputFileListPaths = (
				"${PODS_ROOT}/Target Support Files/Pods-Covid-Info/Pods-Covid-Info-frameworks-${CONFIGURATION}-output-files.xcfilelist",
			);
			runOnlyForDeploymentPostprocessing = 0;
			shellPath = /bin/sh;
			shellScript = "\"${PODS_ROOT}/Target Support Files/Pods-Covid-Info/Pods-Covid-Info-frameworks.sh\"\n";
			showEnvVarsInLog = 0;
		};
		F4776AC02956F3B9B921F493 /* [CP] Check Pods Manifest.lock */ = {
			isa = PBXShellScriptBuildPhase;
			buildActionMask = 2147483647;
			files = (
			);
			inputFileListPaths = (
			);
			inputPaths = (
				"${PODS_PODFILE_DIR_PATH}/Podfile.lock",
				"${PODS_ROOT}/Manifest.lock",
			);
			name = "[CP] Check Pods Manifest.lock";
			outputFileListPaths = (
			);
			outputPaths = (
				"$(DERIVED_FILE_DIR)/Pods-Covid-InfoTests-checkManifestLockResult.txt",
			);
			runOnlyForDeploymentPostprocessing = 0;
			shellPath = /bin/sh;
			shellScript = "diff \"${PODS_PODFILE_DIR_PATH}/Podfile.lock\" \"${PODS_ROOT}/Manifest.lock\" > /dev/null\nif [ $? != 0 ] ; then\n    # print error to STDERR\n    echo \"error: The sandbox is not in sync with the Podfile.lock. Run 'pod install' or update your CocoaPods installation.\" >&2\n    exit 1\nfi\n# This output is used by Xcode 'outputs' to avoid re-running this script phase.\necho \"SUCCESS\" > \"${SCRIPT_OUTPUT_FILE_0}\"\n";
			showEnvVarsInLog = 0;
		};
/* End PBXShellScriptBuildPhase section */

/* Begin PBXSourcesBuildPhase section */
		8EC5010A27E893E600CC9F94 /* Sources */ = {
			isa = PBXSourcesBuildPhase;
			buildActionMask = 2147483647;
			files = (
				8E65650A27E8CBCD00679DEA /* NetworkRequest.swift in Sources */,
				8EC5011627E893E600CC9F94 /* ViewController.swift in Sources */,
				8E65650827E8CB1100679DEA /* DefaultRequestable.swift in Sources */,
				8E7C33CF27E8E7DE003EDC65 /* CovidRepositoryProtocol.swift in Sources */,
				8EC5011227E893E600CC9F94 /* AppDelegate.swift in Sources */,
				8EC5015427E89A7300CC9F94 /* DataViewController.swift in Sources */,
				8E5CF6C127E9F85E0027D28A /* ChartView.swift in Sources */,
				8E65650D27E8CDB000679DEA /* CovidAPI.swift in Sources */,
				8EC5016227E89C3E00CC9F94 /* SettingViewController.swift in Sources */,
				8E6564F727E8AC2800679DEA /* DataViewModel.swift in Sources */,
				8E7C33CC27E8E7A3003EDC65 /* CovidRepository.swift in Sources */,
				8EC5016727E89D6C00CC9F94 /* TabBarViewController.swift in Sources */,
				8E7C33D127E8E911003EDC65 /* CovidUseCase.swift in Sources */,
				8EC5011427E893E600CC9F94 /* SceneDelegate.swift in Sources */,
				8E66DEC627E9A4A600F13BBD /* CovidUseCaseProtocol.swift in Sources */,
				8EC5015627E89A8A00CC9F94 /* InfoViewController.swift in Sources */,
				8E65650127E8C54200679DEA /* Covid.swift in Sources */,
				8E65650627E8CAA600679DEA /* Requestable.swift in Sources */,
				8E65651027E8CFC200679DEA /* Config.swift in Sources */,
				8E65651227E8D05400679DEA /* Encodable.swift in Sources */,
				8EC5011C27E893E600CC9F94 /* Covid_Info.xcdatamodeld in Sources */,
				8EC5015F27E89C2300CC9F94 /* CommunityViewController.swift in Sources */,
				8E66DEC327E9122F00F13BBD /* ParseXMLData.swift in Sources */,
			);
			runOnlyForDeploymentPostprocessing = 0;
		};
		8EC5012327E893EE00CC9F94 /* Sources */ = {
			isa = PBXSourcesBuildPhase;
			buildActionMask = 2147483647;
			files = (
				8EC5012C27E893EE00CC9F94 /* Covid_InfoTests.swift in Sources */,
			);
			runOnlyForDeploymentPostprocessing = 0;
		};
		8EC5012D27E893EE00CC9F94 /* Sources */ = {
			isa = PBXSourcesBuildPhase;
			buildActionMask = 2147483647;
			files = (
				8EC5013827E893EE00CC9F94 /* Covid_InfoUITestsLaunchTests.swift in Sources */,
				8EC5013627E893EE00CC9F94 /* Covid_InfoUITests.swift in Sources */,
			);
			runOnlyForDeploymentPostprocessing = 0;
		};
/* End PBXSourcesBuildPhase section */

/* Begin PBXTargetDependency section */
		8EC5012927E893EE00CC9F94 /* PBXTargetDependency */ = {
			isa = PBXTargetDependency;
			target = 8EC5010D27E893E600CC9F94 /* Covid-Info */;
			targetProxy = 8EC5012827E893EE00CC9F94 /* PBXContainerItemProxy */;
		};
		8EC5013327E893EE00CC9F94 /* PBXTargetDependency */ = {
			isa = PBXTargetDependency;
			target = 8EC5010D27E893E600CC9F94 /* Covid-Info */;
			targetProxy = 8EC5013227E893EE00CC9F94 /* PBXContainerItemProxy */;
		};
/* End PBXTargetDependency section */

/* Begin PBXVariantGroup section */
		8EC5011727E893E600CC9F94 /* Main.storyboard */ = {
			isa = PBXVariantGroup;
			children = (
				8EC5011827E893E600CC9F94 /* Base */,
			);
			name = Main.storyboard;
			sourceTree = "<group>";
		};
		8EC5011F27E893ED00CC9F94 /* LaunchScreen.storyboard */ = {
			isa = PBXVariantGroup;
			children = (
				8EC5012027E893ED00CC9F94 /* Base */,
			);
			name = LaunchScreen.storyboard;
			sourceTree = "<group>";
		};
/* End PBXVariantGroup section */

/* Begin XCBuildConfiguration section */
		8EC5013927E893EE00CC9F94 /* Debug */ = {
			isa = XCBuildConfiguration;
			buildSettings = {
				ALWAYS_SEARCH_USER_PATHS = NO;
				CLANG_ANALYZER_NONNULL = YES;
				CLANG_ANALYZER_NUMBER_OBJECT_CONVERSION = YES_AGGRESSIVE;
				CLANG_CXX_LANGUAGE_STANDARD = "gnu++17";
				CLANG_CXX_LIBRARY = "libc++";
				CLANG_ENABLE_MODULES = YES;
				CLANG_ENABLE_OBJC_ARC = YES;
				CLANG_ENABLE_OBJC_WEAK = YES;
				CLANG_WARN_BLOCK_CAPTURE_AUTORELEASING = YES;
				CLANG_WARN_BOOL_CONVERSION = YES;
				CLANG_WARN_COMMA = YES;
				CLANG_WARN_CONSTANT_CONVERSION = YES;
				CLANG_WARN_DEPRECATED_OBJC_IMPLEMENTATIONS = YES;
				CLANG_WARN_DIRECT_OBJC_ISA_USAGE = YES_ERROR;
				CLANG_WARN_DOCUMENTATION_COMMENTS = YES;
				CLANG_WARN_EMPTY_BODY = YES;
				CLANG_WARN_ENUM_CONVERSION = YES;
				CLANG_WARN_INFINITE_RECURSION = YES;
				CLANG_WARN_INT_CONVERSION = YES;
				CLANG_WARN_NON_LITERAL_NULL_CONVERSION = YES;
				CLANG_WARN_OBJC_IMPLICIT_RETAIN_SELF = YES;
				CLANG_WARN_OBJC_LITERAL_CONVERSION = YES;
				CLANG_WARN_OBJC_ROOT_CLASS = YES_ERROR;
				CLANG_WARN_QUOTED_INCLUDE_IN_FRAMEWORK_HEADER = YES;
				CLANG_WARN_RANGE_LOOP_ANALYSIS = YES;
				CLANG_WARN_STRICT_PROTOTYPES = YES;
				CLANG_WARN_SUSPICIOUS_MOVE = YES;
				CLANG_WARN_UNGUARDED_AVAILABILITY = YES_AGGRESSIVE;
				CLANG_WARN_UNREACHABLE_CODE = YES;
				CLANG_WARN__DUPLICATE_METHOD_MATCH = YES;
				COPY_PHASE_STRIP = NO;
				DEBUG_INFORMATION_FORMAT = dwarf;
				ENABLE_STRICT_OBJC_MSGSEND = YES;
				ENABLE_TESTABILITY = YES;
				GCC_C_LANGUAGE_STANDARD = gnu11;
				GCC_DYNAMIC_NO_PIC = NO;
				GCC_NO_COMMON_BLOCKS = YES;
				GCC_OPTIMIZATION_LEVEL = 0;
				GCC_PREPROCESSOR_DEFINITIONS = (
					"DEBUG=1",
					"$(inherited)",
				);
				GCC_WARN_64_TO_32_BIT_CONVERSION = YES;
				GCC_WARN_ABOUT_RETURN_TYPE = YES_ERROR;
				GCC_WARN_UNDECLARED_SELECTOR = YES;
				GCC_WARN_UNINITIALIZED_AUTOS = YES_AGGRESSIVE;
				GCC_WARN_UNUSED_FUNCTION = YES;
				GCC_WARN_UNUSED_VARIABLE = YES;
				IPHONEOS_DEPLOYMENT_TARGET = 15.0;
				MTL_ENABLE_DEBUG_INFO = INCLUDE_SOURCE;
				MTL_FAST_MATH = YES;
				ONLY_ACTIVE_ARCH = YES;
				SDKROOT = iphoneos;
				SWIFT_ACTIVE_COMPILATION_CONDITIONS = DEBUG;
				SWIFT_OPTIMIZATION_LEVEL = "-Onone";
			};
			name = Debug;
		};
		8EC5013A27E893EE00CC9F94 /* Release */ = {
			isa = XCBuildConfiguration;
			buildSettings = {
				ALWAYS_SEARCH_USER_PATHS = NO;
				CLANG_ANALYZER_NONNULL = YES;
				CLANG_ANALYZER_NUMBER_OBJECT_CONVERSION = YES_AGGRESSIVE;
				CLANG_CXX_LANGUAGE_STANDARD = "gnu++17";
				CLANG_CXX_LIBRARY = "libc++";
				CLANG_ENABLE_MODULES = YES;
				CLANG_ENABLE_OBJC_ARC = YES;
				CLANG_ENABLE_OBJC_WEAK = YES;
				CLANG_WARN_BLOCK_CAPTURE_AUTORELEASING = YES;
				CLANG_WARN_BOOL_CONVERSION = YES;
				CLANG_WARN_COMMA = YES;
				CLANG_WARN_CONSTANT_CONVERSION = YES;
				CLANG_WARN_DEPRECATED_OBJC_IMPLEMENTATIONS = YES;
				CLANG_WARN_DIRECT_OBJC_ISA_USAGE = YES_ERROR;
				CLANG_WARN_DOCUMENTATION_COMMENTS = YES;
				CLANG_WARN_EMPTY_BODY = YES;
				CLANG_WARN_ENUM_CONVERSION = YES;
				CLANG_WARN_INFINITE_RECURSION = YES;
				CLANG_WARN_INT_CONVERSION = YES;
				CLANG_WARN_NON_LITERAL_NULL_CONVERSION = YES;
				CLANG_WARN_OBJC_IMPLICIT_RETAIN_SELF = YES;
				CLANG_WARN_OBJC_LITERAL_CONVERSION = YES;
				CLANG_WARN_OBJC_ROOT_CLASS = YES_ERROR;
				CLANG_WARN_QUOTED_INCLUDE_IN_FRAMEWORK_HEADER = YES;
				CLANG_WARN_RANGE_LOOP_ANALYSIS = YES;
				CLANG_WARN_STRICT_PROTOTYPES = YES;
				CLANG_WARN_SUSPICIOUS_MOVE = YES;
				CLANG_WARN_UNGUARDED_AVAILABILITY = YES_AGGRESSIVE;
				CLANG_WARN_UNREACHABLE_CODE = YES;
				CLANG_WARN__DUPLICATE_METHOD_MATCH = YES;
				COPY_PHASE_STRIP = NO;
				DEBUG_INFORMATION_FORMAT = "dwarf-with-dsym";
				ENABLE_NS_ASSERTIONS = NO;
				ENABLE_STRICT_OBJC_MSGSEND = YES;
				GCC_C_LANGUAGE_STANDARD = gnu11;
				GCC_NO_COMMON_BLOCKS = YES;
				GCC_WARN_64_TO_32_BIT_CONVERSION = YES;
				GCC_WARN_ABOUT_RETURN_TYPE = YES_ERROR;
				GCC_WARN_UNDECLARED_SELECTOR = YES;
				GCC_WARN_UNINITIALIZED_AUTOS = YES_AGGRESSIVE;
				GCC_WARN_UNUSED_FUNCTION = YES;
				GCC_WARN_UNUSED_VARIABLE = YES;
				IPHONEOS_DEPLOYMENT_TARGET = 15.0;
				MTL_ENABLE_DEBUG_INFO = NO;
				MTL_FAST_MATH = YES;
				SDKROOT = iphoneos;
				SWIFT_COMPILATION_MODE = wholemodule;
				SWIFT_OPTIMIZATION_LEVEL = "-O";
				VALIDATE_PRODUCT = YES;
			};
			name = Release;
		};
		8EC5013C27E893EE00CC9F94 /* Debug */ = {
			isa = XCBuildConfiguration;
			baseConfigurationReference = CE4904EAA671470A86B92596 /* Pods-Covid-Info.debug.xcconfig */;
			buildSettings = {
				ASSETCATALOG_COMPILER_APPICON_NAME = AppIcon;
				ASSETCATALOG_COMPILER_GLOBAL_ACCENT_COLOR_NAME = AccentColor;
				CODE_SIGN_STYLE = Automatic;
				CURRENT_PROJECT_VERSION = 1;
				DEVELOPMENT_TEAM = J2Z4ZN37P4;
				GENERATE_INFOPLIST_FILE = YES;
				INFOPLIST_FILE = "Covid-Info/Info.plist";
				INFOPLIST_KEY_UIApplicationSupportsIndirectInputEvents = YES;
				INFOPLIST_KEY_UILaunchStoryboardName = LaunchScreen;
				INFOPLIST_KEY_UIMainStoryboardFile = Main;
				INFOPLIST_KEY_UISupportedInterfaceOrientations_iPad = "UIInterfaceOrientationPortrait UIInterfaceOrientationPortraitUpsideDown UIInterfaceOrientationLandscapeLeft UIInterfaceOrientationLandscapeRight";
				INFOPLIST_KEY_UISupportedInterfaceOrientations_iPhone = "UIInterfaceOrientationPortrait UIInterfaceOrientationLandscapeLeft UIInterfaceOrientationLandscapeRight";
				LD_RUNPATH_SEARCH_PATHS = (
					"$(inherited)",
					"@executable_path/Frameworks",
				);
				MARKETING_VERSION = 1.0;
				PRODUCT_BUNDLE_IDENTIFIER = "Develop.Covid-Info";
				PRODUCT_NAME = "$(TARGET_NAME)";
				SWIFT_EMIT_LOC_STRINGS = YES;
				SWIFT_VERSION = 5.0;
				TARGETED_DEVICE_FAMILY = "1,2";
			};
			name = Debug;
		};
		8EC5013D27E893EE00CC9F94 /* Release */ = {
			isa = XCBuildConfiguration;
			baseConfigurationReference = 1BFC7F82DF02B94117064D42 /* Pods-Covid-Info.release.xcconfig */;
			buildSettings = {
				ASSETCATALOG_COMPILER_APPICON_NAME = AppIcon;
				ASSETCATALOG_COMPILER_GLOBAL_ACCENT_COLOR_NAME = AccentColor;
				CODE_SIGN_STYLE = Automatic;
				CURRENT_PROJECT_VERSION = 1;
				DEVELOPMENT_TEAM = J2Z4ZN37P4;
				GENERATE_INFOPLIST_FILE = YES;
				INFOPLIST_FILE = "Covid-Info/Info.plist";
				INFOPLIST_KEY_UIApplicationSupportsIndirectInputEvents = YES;
				INFOPLIST_KEY_UILaunchStoryboardName = LaunchScreen;
				INFOPLIST_KEY_UIMainStoryboardFile = Main;
				INFOPLIST_KEY_UISupportedInterfaceOrientations_iPad = "UIInterfaceOrientationPortrait UIInterfaceOrientationPortraitUpsideDown UIInterfaceOrientationLandscapeLeft UIInterfaceOrientationLandscapeRight";
				INFOPLIST_KEY_UISupportedInterfaceOrientations_iPhone = "UIInterfaceOrientationPortrait UIInterfaceOrientationLandscapeLeft UIInterfaceOrientationLandscapeRight";
				LD_RUNPATH_SEARCH_PATHS = (
					"$(inherited)",
					"@executable_path/Frameworks",
				);
				MARKETING_VERSION = 1.0;
				PRODUCT_BUNDLE_IDENTIFIER = "Develop.Covid-Info";
				PRODUCT_NAME = "$(TARGET_NAME)";
				SWIFT_EMIT_LOC_STRINGS = YES;
				SWIFT_VERSION = 5.0;
				TARGETED_DEVICE_FAMILY = "1,2";
			};
			name = Release;
		};
		8EC5013F27E893EE00CC9F94 /* Debug */ = {
			isa = XCBuildConfiguration;
			baseConfigurationReference = B675353B1E049A83AE28A11D /* Pods-Covid-InfoTests.debug.xcconfig */;
			buildSettings = {
				ALWAYS_EMBED_SWIFT_STANDARD_LIBRARIES = YES;
				BUNDLE_LOADER = "$(TEST_HOST)";
				CODE_SIGN_STYLE = Automatic;
				CURRENT_PROJECT_VERSION = 1;
				DEVELOPMENT_TEAM = J2Z4ZN37P4;
				GENERATE_INFOPLIST_FILE = YES;
				IPHONEOS_DEPLOYMENT_TARGET = 15.0;
				LD_RUNPATH_SEARCH_PATHS = (
					"$(inherited)",
					"@executable_path/Frameworks",
					"@loader_path/Frameworks",
				);
				MARKETING_VERSION = 1.0;
				PRODUCT_BUNDLE_IDENTIFIER = "Develop.Covid-InfoTests";
				PRODUCT_NAME = "$(TARGET_NAME)";
				SWIFT_EMIT_LOC_STRINGS = NO;
				SWIFT_VERSION = 5.0;
				TARGETED_DEVICE_FAMILY = "1,2";
				TEST_HOST = "$(BUILT_PRODUCTS_DIR)/Covid-Info.app/Covid-Info";
			};
			name = Debug;
		};
		8EC5014027E893EE00CC9F94 /* Release */ = {
			isa = XCBuildConfiguration;
			baseConfigurationReference = 9DD3EA898A4F57C9572EBD5D /* Pods-Covid-InfoTests.release.xcconfig */;
			buildSettings = {
				ALWAYS_EMBED_SWIFT_STANDARD_LIBRARIES = YES;
				BUNDLE_LOADER = "$(TEST_HOST)";
				CODE_SIGN_STYLE = Automatic;
				CURRENT_PROJECT_VERSION = 1;
				DEVELOPMENT_TEAM = J2Z4ZN37P4;
				GENERATE_INFOPLIST_FILE = YES;
				IPHONEOS_DEPLOYMENT_TARGET = 15.0;
				LD_RUNPATH_SEARCH_PATHS = (
					"$(inherited)",
					"@executable_path/Frameworks",
					"@loader_path/Frameworks",
				);
				MARKETING_VERSION = 1.0;
				PRODUCT_BUNDLE_IDENTIFIER = "Develop.Covid-InfoTests";
				PRODUCT_NAME = "$(TARGET_NAME)";
				SWIFT_EMIT_LOC_STRINGS = NO;
				SWIFT_VERSION = 5.0;
				TARGETED_DEVICE_FAMILY = "1,2";
				TEST_HOST = "$(BUILT_PRODUCTS_DIR)/Covid-Info.app/Covid-Info";
			};
			name = Release;
		};
		8EC5014227E893EE00CC9F94 /* Debug */ = {
			isa = XCBuildConfiguration;
			baseConfigurationReference = B16C4E23E2270511EFC9CC2B /* Pods-Covid-Info-Covid-InfoUITests.debug.xcconfig */;
			buildSettings = {
				ALWAYS_EMBED_SWIFT_STANDARD_LIBRARIES = YES;
				CODE_SIGN_STYLE = Automatic;
				CURRENT_PROJECT_VERSION = 1;
				DEVELOPMENT_TEAM = J2Z4ZN37P4;
				GENERATE_INFOPLIST_FILE = YES;
				LD_RUNPATH_SEARCH_PATHS = (
					"$(inherited)",
					"@executable_path/Frameworks",
					"@loader_path/Frameworks",
				);
				MARKETING_VERSION = 1.0;
				PRODUCT_BUNDLE_IDENTIFIER = "Develop.Covid-InfoUITests";
				PRODUCT_NAME = "$(TARGET_NAME)";
				SWIFT_EMIT_LOC_STRINGS = NO;
				SWIFT_VERSION = 5.0;
				TARGETED_DEVICE_FAMILY = "1,2";
				TEST_TARGET_NAME = "Covid-Info";
			};
			name = Debug;
		};
		8EC5014327E893EE00CC9F94 /* Release */ = {
			isa = XCBuildConfiguration;
			baseConfigurationReference = 0DDB496737353E2323313DD0 /* Pods-Covid-Info-Covid-InfoUITests.release.xcconfig */;
			buildSettings = {
				ALWAYS_EMBED_SWIFT_STANDARD_LIBRARIES = YES;
				CODE_SIGN_STYLE = Automatic;
				CURRENT_PROJECT_VERSION = 1;
				DEVELOPMENT_TEAM = J2Z4ZN37P4;
				GENERATE_INFOPLIST_FILE = YES;
				LD_RUNPATH_SEARCH_PATHS = (
					"$(inherited)",
					"@executable_path/Frameworks",
					"@loader_path/Frameworks",
				);
				MARKETING_VERSION = 1.0;
				PRODUCT_BUNDLE_IDENTIFIER = "Develop.Covid-InfoUITests";
				PRODUCT_NAME = "$(TARGET_NAME)";
				SWIFT_EMIT_LOC_STRINGS = NO;
				SWIFT_VERSION = 5.0;
				TARGETED_DEVICE_FAMILY = "1,2";
				TEST_TARGET_NAME = "Covid-Info";
			};
			name = Release;
		};
/* End XCBuildConfiguration section */

/* Begin XCConfigurationList section */
		8EC5010927E893E600CC9F94 /* Build configuration list for PBXProject "Covid-Info" */ = {
			isa = XCConfigurationList;
			buildConfigurations = (
				8EC5013927E893EE00CC9F94 /* Debug */,
				8EC5013A27E893EE00CC9F94 /* Release */,
			);
			defaultConfigurationIsVisible = 0;
			defaultConfigurationName = Release;
		};
		8EC5013B27E893EE00CC9F94 /* Build configuration list for PBXNativeTarget "Covid-Info" */ = {
			isa = XCConfigurationList;
			buildConfigurations = (
				8EC5013C27E893EE00CC9F94 /* Debug */,
				8EC5013D27E893EE00CC9F94 /* Release */,
			);
			defaultConfigurationIsVisible = 0;
			defaultConfigurationName = Release;
		};
		8EC5013E27E893EE00CC9F94 /* Build configuration list for PBXNativeTarget "Covid-InfoTests" */ = {
			isa = XCConfigurationList;
			buildConfigurations = (
				8EC5013F27E893EE00CC9F94 /* Debug */,
				8EC5014027E893EE00CC9F94 /* Release */,
			);
			defaultConfigurationIsVisible = 0;
			defaultConfigurationName = Release;
		};
		8EC5014127E893EE00CC9F94 /* Build configuration list for PBXNativeTarget "Covid-InfoUITests" */ = {
			isa = XCConfigurationList;
			buildConfigurations = (
				8EC5014227E893EE00CC9F94 /* Debug */,
				8EC5014327E893EE00CC9F94 /* Release */,
			);
			defaultConfigurationIsVisible = 0;
			defaultConfigurationName = Release;
		};
/* End XCConfigurationList section */

/* Begin XCRemoteSwiftPackageReference section */
		8E5CF6CB27E9FEB00027D28A /* XCRemoteSwiftPackageReference "ChartView" */ = {
			isa = XCRemoteSwiftPackageReference;
			repositoryURL = "https://github.com/AppPear/ChartView";
			requirement = {
				kind = upToNextMajorVersion;
				minimumVersion = 1.0.0;
			};
		};
/* End XCRemoteSwiftPackageReference section */

/* Begin XCSwiftPackageProductDependency section */
		8E5CF6CC27E9FEB00027D28A /* SwiftUICharts */ = {
			isa = XCSwiftPackageProductDependency;
			package = 8E5CF6CB27E9FEB00027D28A /* XCRemoteSwiftPackageReference "ChartView" */;
			productName = SwiftUICharts;
		};
/* End XCSwiftPackageProductDependency section */

/* Begin XCVersionGroup section */
		8EC5011A27E893E600CC9F94 /* Covid_Info.xcdatamodeld */ = {
			isa = XCVersionGroup;
			children = (
				8EC5011B27E893E600CC9F94 /* Covid_Info.xcdatamodel */,
			);
			currentVersion = 8EC5011B27E893E600CC9F94 /* Covid_Info.xcdatamodel */;
			path = Covid_Info.xcdatamodeld;
			sourceTree = "<group>";
			versionGroupType = wrapper.xcdatamodel;
		};
/* End XCVersionGroup section */
	};
	rootObject = 8EC5010627E893E600CC9F94 /* Project object */;
}
